
Microsoft Visual Studio Solution File, Format Version 12.00
# Visual Studio 15
VisualStudioVersion = 15.0.28307.572
MinimumVisualStudioVersion = 10.0.40219.1
Project("{FAE04EC0-301F-11D3-BF4B-00C04F79EFBC}") = "ClassMetotDemo", "ClassMetotDemo\ClassMetotDemo.csproj", "{98617740-6D4D-47BF-8D5B-6CC68C21D6CB}"
EndProject
Global
	GlobalSection(SolutionConfigurationPlatforms) = preSolution
		Debug|Any CPU = Debug|Any CPU
		Release|Any CPU = Release|Any CPU
	EndGlobalSection
	GlobalSection(ProjectConfigurationPlatforms) = postSolution
		{98617740-6D4D-47BF-8D5B-6CC68C21D6CB}.Debug|Any CPU.ActiveCfg = Debug|Any CPU
		{98617740-6D4D-47BF-8D5B-6CC68C21D6CB}.Debug|Any CPU.Build.0 = Debug|Any CPU
		{98617740-6D4D-47BF-8D5B-6CC68C21D6CB}.Release|Any CPU.ActiveCfg = Release|Any CPU
		{98617740-6D4D-47BF-8D5B-6CC68C21D6CB}.Release|Any CPU.Build.0 = Release|Any CPU
	EndGlobalSection
	GlobalSection(SolutionProperties) = preSolution
		HideSolutionNode = FALSE
	EndGlobalSection
	GlobalSection(ExtensibilityGlobals) = postSolution
		SolutionGuid = {554D89AC-3B36-4F37-A1A5-F0B6D6206BB3}
	EndGlobalSection
EndGlobal
